
Microsoft Visual Studio Solution File, Format Version 12.00
# Visual Studio Version 17
VisualStudioVersion = 17.7.34031.279
MinimumVisualStudioVersion = 10.0.40219.1
Project("{2150E333-8FDC-42A3-9474-1A3956D46DE8}") = "src", "src", "{CD8E4490-9D1A-4873-808A-D3B3F9E2B71F}"
EndProject
Project("{9A19103F-16F7-4668-BE54-9A1E7A4F7556}") = "Application", "src\Application\Application.csproj", "{43D07AA0-1EE3-437D-A09A-EBEFFC5B9DAE}"
EndProject
Project("{9A19103F-16F7-4668-BE54-9A1E7A4F7556}") = "Domain", "src\Domain\Domain.csproj", "{554C9AA0-9CAE-4B9D-BDAE-934EEDA480DF}"
EndProject
Project("{9A19103F-16F7-4668-BE54-9A1E7A4F7556}") = "Infrastructure", "src\Infrastructure\Infrastructure.csproj", "{0D462622-4988-43F8-A6F7-A11D4BCC96E5}"
EndProject
Project("{9A19103F-16F7-4668-BE54-9A1E7A4F7556}") = "MovieWebApi", "src\MovieWebApi\MovieWebApi.csproj", "{D40B17E5-4D16-4264-A175-05657509D341}"
EndProject
Global
	GlobalSection(SolutionConfigurationPlatforms) = preSolution
		Debug|Any CPU = Debug|Any CPU
		Release|Any CPU = Release|Any CPU
	EndGlobalSection
	GlobalSection(ProjectConfigurationPlatforms) = postSolution
		{43D07AA0-1EE3-437D-A09A-EBEFFC5B9DAE}.Debug|Any CPU.ActiveCfg = Debug|Any CPU
		{43D07AA0-1EE3-437D-A09A-EBEFFC5B9DAE}.Debug|Any CPU.Build.0 = Debug|Any CPU
		{43D07AA0-1EE3-437D-A09A-EBEFFC5B9DAE}.Release|Any CPU.ActiveCfg = Release|Any CPU
		{43D07AA0-1EE3-437D-A09A-EBEFFC5B9DAE}.Release|Any CPU.Build.0 = Release|Any CPU
		{554C9AA0-9CAE-4B9D-BDAE-934EEDA480DF}.Debug|Any CPU.ActiveCfg = Debug|Any CPU
		{554C9AA0-9CAE-4B9D-BDAE-934EEDA480DF}.Debug|Any CPU.Build.0 = Debug|Any CPU
		{554C9AA0-9CAE-4B9D-BDAE-934EEDA480DF}.Release|Any CPU.ActiveCfg = Release|Any CPU
		{554C9AA0-9CAE-4B9D-BDAE-934EEDA480DF}.Release|Any CPU.Build.0 = Release|Any CPU
		{0D462622-4988-43F8-A6F7-A11D4BCC96E5}.Debug|Any CPU.ActiveCfg = Debug|Any CPU
		{0D462622-4988-43F8-A6F7-A11D4BCC96E5}.Debug|Any CPU.Build.0 = Debug|Any CPU
		{0D462622-4988-43F8-A6F7-A11D4BCC96E5}.Release|Any CPU.ActiveCfg = Release|Any CPU
		{0D462622-4988-43F8-A6F7-A11D4BCC96E5}.Release|Any CPU.Build.0 = Release|Any CPU
		{D40B17E5-4D16-4264-A175-05657509D341}.Debug|Any CPU.ActiveCfg = Debug|Any CPU
		{D40B17E5-4D16-4264-A175-05657509D341}.Debug|Any CPU.Build.0 = Debug|Any CPU
		{D40B17E5-4D16-4264-A175-05657509D341}.Release|Any CPU.ActiveCfg = Release|Any CPU
		{D40B17E5-4D16-4264-A175-05657509D341}.Release|Any CPU.Build.0 = Release|Any CPU
	EndGlobalSection
	GlobalSection(SolutionProperties) = preSolution
		HideSolutionNode = FALSE
	EndGlobalSection
	GlobalSection(NestedProjects) = preSolution
		{43D07AA0-1EE3-437D-A09A-EBEFFC5B9DAE} = {CD8E4490-9D1A-4873-808A-D3B3F9E2B71F}
		{554C9AA0-9CAE-4B9D-BDAE-934EEDA480DF} = {CD8E4490-9D1A-4873-808A-D3B3F9E2B71F}
		{0D462622-4988-43F8-A6F7-A11D4BCC96E5} = {CD8E4490-9D1A-4873-808A-D3B3F9E2B71F}
		{D40B17E5-4D16-4264-A175-05657509D341} = {CD8E4490-9D1A-4873-808A-D3B3F9E2B71F}
	EndGlobalSection
	GlobalSection(ExtensibilityGlobals) = postSolution
		SolutionGuid = {85245A59-B85A-4036-A9AC-C51A4EBCE2CD}
	EndGlobalSection
EndGlobal
